
Microsoft Visual Studio Solution File, Format Version 12.00
# Visual Studio Version 17
VisualStudioVersion = 17.11.35327.3
MinimumVisualStudioVersion = 10.0.40219.1
Project("{FAE04EC0-301F-11D3-BF4B-00C04F79EFBC}") = "Laboratorio1", "Laboratorio1\Laboratorio1.csproj", "{E479963D-75A9-49BD-8B0E-9D46B4352A46}"
EndProject
Global
	GlobalSection(SolutionConfigurationPlatforms) = preSolution
		Debug|Any CPU = Debug|Any CPU
		Release|Any CPU = Release|Any CPU
	EndGlobalSection
	GlobalSection(ProjectConfigurationPlatforms) = postSolution
		{E479963D-75A9-49BD-8B0E-9D46B4352A46}.Debug|Any CPU.ActiveCfg = Debug|Any CPU
		{E479963D-75A9-49BD-8B0E-9D46B4352A46}.Debug|Any CPU.Build.0 = Debug|Any CPU
		{E479963D-75A9-49BD-8B0E-9D46B4352A46}.Release|Any CPU.ActiveCfg = Release|Any CPU
		{E479963D-75A9-49BD-8B0E-9D46B4352A46}.Release|Any CPU.Build.0 = Release|Any CPU
	EndGlobalSection
	GlobalSection(SolutionProperties) = preSolution
		HideSolutionNode = FALSE
	EndGlobalSection
	GlobalSection(ExtensibilityGlobals) = postSolution
		SolutionGuid = {75BD2CFD-9CDD-41B2-BD17-5E17A7F987E0}
	EndGlobalSection
EndGlobal
