
Microsoft Visual Studio Solution File, Format Version 12.00
# Visual Studio Version 17
VisualStudioVersion = 17.14.36414.22 d17.14
MinimumVisualStudioVersion = 10.0.40219.1
Project("{FAE04EC0-301F-11D3-BF4B-00C04F79EFBC}") = "Laboratorio1", "Laboratorio1\Laboratorio1.csproj", "{6AD4DF03-9456-4606-A939-521569392EAE}"
EndProject
Global
	GlobalSection(SolutionConfigurationPlatforms) = preSolution
		Debug|Any CPU = Debug|Any CPU
		Release|Any CPU = Release|Any CPU
	EndGlobalSection
	GlobalSection(ProjectConfigurationPlatforms) = postSolution
		{6AD4DF03-9456-4606-A939-521569392EAE}.Debug|Any CPU.ActiveCfg = Debug|Any CPU
		{6AD4DF03-9456-4606-A939-521569392EAE}.Debug|Any CPU.Build.0 = Debug|Any CPU
		{6AD4DF03-9456-4606-A939-521569392EAE}.Release|Any CPU.ActiveCfg = Release|Any CPU
		{6AD4DF03-9456-4606-A939-521569392EAE}.Release|Any CPU.Build.0 = Release|Any CPU
	EndGlobalSection
	GlobalSection(SolutionProperties) = preSolution
		HideSolutionNode = FALSE
	EndGlobalSection
	GlobalSection(ExtensibilityGlobals) = postSolution
		SolutionGuid = {A68E3180-0F93-44A6-840B-337C07CC3B04}
	EndGlobalSection
EndGlobal
